// !$*UTF8*$!
{
	archiveVersion = 1;
	classes = {
	};
	objectVersion = 50;
	objects = {

/* Begin PBXBuildFile section */
		28A2911028159E6F000BC4D0 /* AppDelegate.swift in Sources */ = {isa = PBXBuildFile; fileRef = 28A2910F28159E6F000BC4D0 /* AppDelegate.swift */; };
		28A2911228159E6F000BC4D0 /* SceneDelegate.swift in Sources */ = {isa = PBXBuildFile; fileRef = 28A2911128159E6F000BC4D0 /* SceneDelegate.swift */; };
		28A2911928159E70000BC4D0 /* Assets.xcassets in Resources */ = {isa = PBXBuildFile; fileRef = 28A2911828159E70000BC4D0 /* Assets.xcassets */; };
		28A2911C28159E70000BC4D0 /* LaunchScreen.storyboard in Resources */ = {isa = PBXBuildFile; fileRef = 28A2911A28159E70000BC4D0 /* LaunchScreen.storyboard */; };
		28A2912E2815A195000BC4D0 /* TabBarViewController.swift in Sources */ = {isa = PBXBuildFile; fileRef = 28A2912D2815A195000BC4D0 /* TabBarViewController.swift */; };
		28A291312815A20F000BC4D0 /* RunHistoryViewController.swift in Sources */ = {isa = PBXBuildFile; fileRef = 28A291302815A20F000BC4D0 /* RunHistoryViewController.swift */; };
		28A291352815A523000BC4D0 /* HomeViewController.swift in Sources */ = {isa = PBXBuildFile; fileRef = 28A291342815A523000BC4D0 /* HomeViewController.swift */; };
		28A2913A2815A7B7000BC4D0 /* GradientView.swift in Sources */ = {isa = PBXBuildFile; fileRef = 28A291392815A7B7000BC4D0 /* GradientView.swift */; };
		28A2913D2815A88E000BC4D0 /* BaseViewController.swift in Sources */ = {isa = PBXBuildFile; fileRef = 28A2913C2815A88E000BC4D0 /* BaseViewController.swift */; };
		28A291402815AFF7000BC4D0 /* LocationManager.swift in Sources */ = {isa = PBXBuildFile; fileRef = 28A2913F2815AFF7000BC4D0 /* LocationManager.swift */; };
/* End PBXBuildFile section */

/* Begin PBXFileReference section */
		28A2910C28159E6F000BC4D0 /* RunAwesome.app */ = {isa = PBXFileReference; explicitFileType = wrapper.application; includeInIndex = 0; path = RunAwesome.app; sourceTree = BUILT_PRODUCTS_DIR; };
		28A2910F28159E6F000BC4D0 /* AppDelegate.swift */ = {isa = PBXFileReference; lastKnownFileType = sourcecode.swift; path = AppDelegate.swift; sourceTree = "<group>"; };
		28A2911128159E6F000BC4D0 /* SceneDelegate.swift */ = {isa = PBXFileReference; lastKnownFileType = sourcecode.swift; path = SceneDelegate.swift; sourceTree = "<group>"; };
		28A2911828159E70000BC4D0 /* Assets.xcassets */ = {isa = PBXFileReference; lastKnownFileType = folder.assetcatalog; path = Assets.xcassets; sourceTree = "<group>"; };
		28A2911B28159E70000BC4D0 /* Base */ = {isa = PBXFileReference; lastKnownFileType = file.storyboard; name = Base; path = Base.lproj/LaunchScreen.storyboard; sourceTree = "<group>"; };
		28A2911D28159E70000BC4D0 /* Info.plist */ = {isa = PBXFileReference; lastKnownFileType = text.plist.xml; path = Info.plist; sourceTree = "<group>"; };
		28A2912D2815A195000BC4D0 /* TabBarViewController.swift */ = {isa = PBXFileReference; lastKnownFileType = sourcecode.swift; path = TabBarViewController.swift; sourceTree = "<group>"; };
		28A291302815A20F000BC4D0 /* RunHistoryViewController.swift */ = {isa = PBXFileReference; lastKnownFileType = sourcecode.swift; path = RunHistoryViewController.swift; sourceTree = "<group>"; };
		28A291342815A523000BC4D0 /* HomeViewController.swift */ = {isa = PBXFileReference; lastKnownFileType = sourcecode.swift; path = HomeViewController.swift; sourceTree = "<group>"; };
		28A291392815A7B7000BC4D0 /* GradientView.swift */ = {isa = PBXFileReference; lastKnownFileType = sourcecode.swift; path = GradientView.swift; sourceTree = "<group>"; };
		28A2913C2815A88E000BC4D0 /* BaseViewController.swift */ = {isa = PBXFileReference; lastKnownFileType = sourcecode.swift; path = BaseViewController.swift; sourceTree = "<group>"; };
		28A2913F2815AFF7000BC4D0 /* LocationManager.swift */ = {isa = PBXFileReference; lastKnownFileType = sourcecode.swift; path = LocationManager.swift; sourceTree = "<group>"; };
/* End PBXFileReference section */

/* Begin PBXFrameworksBuildPhase section */
		28A2910928159E6F000BC4D0 /* Frameworks */ = {
			isa = PBXFrameworksBuildPhase;
			buildActionMask = 2147483647;
			files = (
			);
			runOnlyForDeploymentPostprocessing = 0;
		};
/* End PBXFrameworksBuildPhase section */

/* Begin PBXGroup section */
		28A2910328159E6F000BC4D0 = {
			isa = PBXGroup;
			children = (
				28A2910E28159E6F000BC4D0 /* RunAwesome */,
				28A2910D28159E6F000BC4D0 /* Products */,
			);
			sourceTree = "<group>";
		};
		28A2910D28159E6F000BC4D0 /* Products */ = {
			isa = PBXGroup;
			children = (
				28A2910C28159E6F000BC4D0 /* RunAwesome.app */,
			);
			name = Products;
			sourceTree = "<group>";
		};
		28A2910E28159E6F000BC4D0 /* RunAwesome */ = {
			isa = PBXGroup;
			children = (
				28A291382815A7A7000BC4D0 /* Views */,
				28A2912A2815A040000BC4D0 /* Others */,
				28A2912528159F49000BC4D0 /* Controllers */,
				28A2911D28159E70000BC4D0 /* Info.plist */,
			);
			path = RunAwesome;
			sourceTree = "<group>";
		};
		28A2912528159F49000BC4D0 /* Controllers */ = {
			isa = PBXGroup;
			children = (
				28A2912D2815A195000BC4D0 /* TabBarViewController.swift */,
				28A291302815A20F000BC4D0 /* RunHistoryViewController.swift */,
				28A291342815A523000BC4D0 /* HomeViewController.swift */,
				28A2913C2815A88E000BC4D0 /* BaseViewController.swift */,
			);
			path = Controllers;
			sourceTree = "<group>";
		};
		28A2912A2815A040000BC4D0 /* Others */ = {
			isa = PBXGroup;
			children = (
				28A2910F28159E6F000BC4D0 /* AppDelegate.swift */,
				28A2911128159E6F000BC4D0 /* SceneDelegate.swift */,
				28A2911828159E70000BC4D0 /* Assets.xcassets */,
				28A2911A28159E70000BC4D0 /* LaunchScreen.storyboard */,
			);
			path = Others;
			sourceTree = "<group>";
		};
		28A291382815A7A7000BC4D0 /* Views */ = {
			isa = PBXGroup;
			children = (
				28A291392815A7B7000BC4D0 /* GradientView.swift */,
				28A2913F2815AFF7000BC4D0 /* LocationManager.swift */,
			);
			path = Views;
			sourceTree = "<group>";
		};
/* End PBXGroup section */

/* Begin PBXNativeTarget section */
		28A2910B28159E6F000BC4D0 /* RunAwesome */ = {
			isa = PBXNativeTarget;
			buildConfigurationList = 28A2912028159E70000BC4D0 /* Build configuration list for PBXNativeTarget "RunAwesome" */;
			buildPhases = (
				28A2910828159E6F000BC4D0 /* Sources */,
				28A2910928159E6F000BC4D0 /* Frameworks */,
				28A2910A28159E6F000BC4D0 /* Resources */,
			);
			buildRules = (
			);
			dependencies = (
			);
			name = RunAwesome;
			productName = RunAwesome;
			productReference = 28A2910C28159E6F000BC4D0 /* RunAwesome.app */;
			productType = "com.apple.product-type.application";
		};
/* End PBXNativeTarget section */

/* Begin PBXProject section */
		28A2910428159E6F000BC4D0 /* Project object */ = {
			isa = PBXProject;
			attributes = {
				LastSwiftUpdateCheck = 1240;
				LastUpgradeCheck = 1240;
				TargetAttributes = {
					28A2910B28159E6F000BC4D0 = {
						CreatedOnToolsVersion = 12.4;
					};
				};
			};
			buildConfigurationList = 28A2910728159E6F000BC4D0 /* Build configuration list for PBXProject "RunAwesome" */;
			compatibilityVersion = "Xcode 9.3";
			developmentRegion = en;
			hasScannedForEncodings = 0;
			knownRegions = (
				en,
				Base,
			);
			mainGroup = 28A2910328159E6F000BC4D0;
			productRefGroup = 28A2910D28159E6F000BC4D0 /* Products */;
			projectDirPath = "";
			projectRoot = "";
			targets = (
				28A2910B28159E6F000BC4D0 /* RunAwesome */,
			);
		};
/* End PBXProject section */

/* Begin PBXResourcesBuildPhase section */
		28A2910A28159E6F000BC4D0 /* Resources */ = {
			isa = PBXResourcesBuildPhase;
			buildActionMask = 2147483647;
			files = (
				28A2911C28159E70000BC4D0 /* LaunchScreen.storyboard in Resources */,
				28A2911928159E70000BC4D0 /* Assets.xcassets in Resources */,
			);
			runOnlyForDeploymentPostprocessing = 0;
		};
/* End PBXResourcesBuildPhase section */

/* Begin PBXSourcesBuildPhase section */
		28A2910828159E6F000BC4D0 /* Sources */ = {
			isa = PBXSourcesBuildPhase;
			buildActionMask = 2147483647;
			files = (
				28A2912E2815A195000BC4D0 /* TabBarViewController.swift in Sources */,
				28A2911028159E6F000BC4D0 /* AppDelegate.swift in Sources */,
				28A2913A2815A7B7000BC4D0 /* GradientView.swift in Sources */,
				28A291312815A20F000BC4D0 /* RunHistoryViewController.swift in Sources */,
				28A291402815AFF7000BC4D0 /* LocationManager.swift in Sources */,
				28A2911228159E6F000BC4D0 /* SceneDelegate.swift in Sources */,
				28A2913D2815A88E000BC4D0 /* BaseViewController.swift in Sources */,
				28A291352815A523000BC4D0 /* HomeViewController.swift in Sources */,
			);
			runOnlyForDeploymentPostprocessing = 0;
		};
/* End PBXSourcesBuildPhase section */

/* Begin PBXVariantGroup section */
		28A2911A28159E70000BC4D0 /* LaunchScreen.storyboard */ = {
			isa = PBXVariantGroup;
			children = (
				28A2911B28159E70000BC4D0 /* Base */,
			);
			name = LaunchScreen.storyboard;
			sourceTree = "<group>";
		};
/* End PBXVariantGroup section */

/* Begin XCBuildConfiguration section */
		28A2911E28159E70000BC4D0 /* Debug */ = {
			isa = XCBuildConfiguration;
			buildSettings = {
				ALWAYS_SEARCH_USER_PATHS = NO;
				CLANG_ANALYZER_NONNULL = YES;
				CLANG_ANALYZER_NUMBER_OBJECT_CONVERSION = YES_AGGRESSIVE;
				CLANG_CXX_LANGUAGE_STANDARD = "gnu++14";
				CLANG_CXX_LIBRARY = "libc++";
				CLANG_ENABLE_MODULES = YES;
				CLANG_ENABLE_OBJC_ARC = YES;
				CLANG_ENABLE_OBJC_WEAK = YES;
				CLANG_WARN_BLOCK_CAPTURE_AUTORELEASING = YES;
				CLANG_WARN_BOOL_CONVERSION = YES;
				CLANG_WARN_COMMA = YES;
				CLANG_WARN_CONSTANT_CONVERSION = YES;
				CLANG_WARN_DEPRECATED_OBJC_IMPLEMENTATIONS = YES;
				CLANG_WARN_DIRECT_OBJC_ISA_USAGE = YES_ERROR;
				CLANG_WARN_DOCUMENTATION_COMMENTS = YES;
				CLANG_WARN_EMPTY_BODY = YES;
				CLANG_WARN_ENUM_CONVERSION = YES;
				CLANG_WARN_INFINITE_RECURSION = YES;
				CLANG_WARN_INT_CONVERSION = YES;
				CLANG_WARN_NON_LITERAL_NULL_CONVERSION = YES;
				CLANG_WARN_OBJC_IMPLICIT_RETAIN_SELF = YES;
				CLANG_WARN_OBJC_LITERAL_CONVERSION = YES;
				CLANG_WARN_OBJC_ROOT_CLASS = YES_ERROR;
				CLANG_WARN_QUOTED_INCLUDE_IN_FRAMEWORK_HEADER = YES;
				CLANG_WARN_RANGE_LOOP_ANALYSIS = YES;
				CLANG_WARN_STRICT_PROTOTYPES = YES;
				CLANG_WARN_SUSPICIOUS_MOVE = YES;
				CLANG_WARN_UNGUARDED_AVAILABILITY = YES_AGGRESSIVE;
				CLANG_WARN_UNREACHABLE_CODE = YES;
				CLANG_WARN__DUPLICATE_METHOD_MATCH = YES;
				COPY_PHASE_STRIP = NO;
				DEBUG_INFORMATION_FORMAT = dwarf;
				ENABLE_STRICT_OBJC_MSGSEND = YES;
				ENABLE_TESTABILITY = YES;
				GCC_C_LANGUAGE_STANDARD = gnu11;
				GCC_DYNAMIC_NO_PIC = NO;
				GCC_NO_COMMON_BLOCKS = YES;
				GCC_OPTIMIZATION_LEVEL = 0;
				GCC_PREPROCESSOR_DEFINITIONS = (
					"DEBUG=1",
					"$(inherited)",
				);
				GCC_WARN_64_TO_32_BIT_CONVERSION = YES;
				GCC_WARN_ABOUT_RETURN_TYPE = YES_ERROR;
				GCC_WARN_UNDECLARED_SELECTOR = YES;
				GCC_WARN_UNINITIALIZED_AUTOS = YES_AGGRESSIVE;
				GCC_WARN_UNUSED_FUNCTION = YES;
				GCC_WARN_UNUSED_VARIABLE = YES;
				IPHONEOS_DEPLOYMENT_TARGET = 14.4;
				MTL_ENABLE_DEBUG_INFO = INCLUDE_SOURCE;
				MTL_FAST_MATH = YES;
				ONLY_ACTIVE_ARCH = YES;
				SDKROOT = iphoneos;
				SWIFT_ACTIVE_COMPILATION_CONDITIONS = DEBUG;
				SWIFT_OPTIMIZATION_LEVEL = "-Onone";
			};
			name = Debug;
		};
		28A2911F28159E70000BC4D0 /* Release */ = {
			isa = XCBuildConfiguration;
			buildSettings = {
				ALWAYS_SEARCH_USER_PATHS = NO;
				CLANG_ANALYZER_NONNULL = YES;
				CLANG_ANALYZER_NUMBER_OBJECT_CONVERSION = YES_AGGRESSIVE;
				CLANG_CXX_LANGUAGE_STANDARD = "gnu++14";
				CLANG_CXX_LIBRARY = "libc++";
				CLANG_ENABLE_MODULES = YES;
				CLANG_ENABLE_OBJC_ARC = YES;
				CLANG_ENABLE_OBJC_WEAK = YES;
				CLANG_WARN_BLOCK_CAPTURE_AUTORELEASING = YES;
				CLANG_WARN_BOOL_CONVERSION = YES;
				CLANG_WARN_COMMA = YES;
				CLANG_WARN_CONSTANT_CONVERSION = YES;
				CLANG_WARN_DEPRECATED_OBJC_IMPLEMENTATIONS = YES;
				CLANG_WARN_DIRECT_OBJC_ISA_USAGE = YES_ERROR;
				CLANG_WARN_DOCUMENTATION_COMMENTS = YES;
				CLANG_WARN_EMPTY_BODY = YES;
				CLANG_WARN_ENUM_CONVERSION = YES;
				CLANG_WARN_INFINITE_RECURSION = YES;
				CLANG_WARN_INT_CONVERSION = YES;
				CLANG_WARN_NON_LITERAL_NULL_CONVERSION = YES;
				CLANG_WARN_OBJC_IMPLICIT_RETAIN_SELF = YES;
				CLANG_WARN_OBJC_LITERAL_CONVERSION = YES;
				CLANG_WARN_OBJC_ROOT_CLASS = YES_ERROR;
				CLANG_WARN_QUOTED_INCLUDE_IN_FRAMEWORK_HEADER = YES;
				CLANG_WARN_RANGE_LOOP_ANALYSIS = YES;
				CLANG_WARN_STRICT_PROTOTYPES = YES;
				CLANG_WARN_SUSPICIOUS_MOVE = YES;
				CLANG_WARN_UNGUARDED_AVAILABILITY = YES_AGGRESSIVE;
				CLANG_WARN_UNREACHABLE_CODE = YES;
				CLANG_WARN__DUPLICATE_METHOD_MATCH = YES;
				COPY_PHASE_STRIP = NO;
				DEBUG_INFORMATION_FORMAT = "dwarf-with-dsym";
				ENABLE_NS_ASSERTIONS = NO;
				ENABLE_STRICT_OBJC_MSGSEND = YES;
				GCC_C_LANGUAGE_STANDARD = gnu11;
				GCC_NO_COMMON_BLOCKS = YES;
				GCC_WARN_64_TO_32_BIT_CONVERSION = YES;
				GCC_WARN_ABOUT_RETURN_TYPE = YES_ERROR;
				GCC_WARN_UNDECLARED_SELECTOR = YES;
				GCC_WARN_UNINITIALIZED_AUTOS = YES_AGGRESSIVE;
				GCC_WARN_UNUSED_FUNCTION = YES;
				GCC_WARN_UNUSED_VARIABLE = YES;
				IPHONEOS_DEPLOYMENT_TARGET = 14.4;
				MTL_ENABLE_DEBUG_INFO = NO;
				MTL_FAST_MATH = YES;
				SDKROOT = iphoneos;
				SWIFT_COMPILATION_MODE = wholemodule;
				SWIFT_OPTIMIZATION_LEVEL = "-O";
				VALIDATE_PRODUCT = YES;
			};
			name = Release;
		};
		28A2912128159E70000BC4D0 /* Debug */ = {
			isa = XCBuildConfiguration;
			buildSettings = {
				ASSETCATALOG_COMPILER_APPICON_NAME = AppIcon;
				ASSETCATALOG_COMPILER_GLOBAL_ACCENT_COLOR_NAME = AccentColor;
				CODE_SIGN_STYLE = Automatic;
				INFOPLIST_FILE = RunAwesome/Info.plist;
				LD_RUNPATH_SEARCH_PATHS = (
					"$(inherited)",
					"@executable_path/Frameworks",
				);
				PRODUCT_BUNDLE_IDENTIFIER = com.eslam.RunAwesome;
				PRODUCT_NAME = "$(TARGET_NAME)";
				SWIFT_VERSION = 5.0;
				TARGETED_DEVICE_FAMILY = "1,2";
			};
			name = Debug;
		};
		28A2912228159E70000BC4D0 /* Release */ = {
			isa = XCBuildConfiguration;
			buildSettings = {
				ASSETCATALOG_COMPILER_APPICON_NAME = AppIcon;
				ASSETCATALOG_COMPILER_GLOBAL_ACCENT_COLOR_NAME = AccentColor;
				CODE_SIGN_STYLE = Automatic;
				INFOPLIST_FILE = RunAwesome/Info.plist;
				LD_RUNPATH_SEARCH_PATHS = (
					"$(inherited)",
					"@executable_path/Frameworks",
				);
				PRODUCT_BUNDLE_IDENTIFIER = com.eslam.RunAwesome;
				PRODUCT_NAME = "$(TARGET_NAME)";
				SWIFT_VERSION = 5.0;
				TARGETED_DEVICE_FAMILY = "1,2";
			};
			name = Release;
		};
/* End XCBuildConfiguration section */

/* Begin XCConfigurationList section */
		28A2910728159E6F000BC4D0 /* Build configuration list for PBXProject "RunAwesome" */ = {
			isa = XCConfigurationList;
			buildConfigurations = (
				28A2911E28159E70000BC4D0 /* Debug */,
				28A2911F28159E70000BC4D0 /* Release */,
			);
			defaultConfigurationIsVisible = 0;
			defaultConfigurationName = Release;
		};
		28A2912028159E70000BC4D0 /* Build configuration list for PBXNativeTarget "RunAwesome" */ = {
			isa = XCConfigurationList;
			buildConfigurations = (
				28A2912128159E70000BC4D0 /* Debug */,
				28A2912228159E70000BC4D0 /* Release */,
			);
			defaultConfigurationIsVisible = 0;
			defaultConfigurationName = Release;
		};
/* End XCConfigurationList section */
	};
	rootObject = 28A2910428159E6F000BC4D0 /* Project object */;
}
